
Microsoft Visual Studio Solution File, Format Version 12.00
# Visual Studio 2012
Project("{FAE04EC0-301F-11D3-BF4B-00C04F79EFBC}") = "COMP397", "COMP397\COMP397.csproj", "{10117308-E31C-4399-A917-B7D2EE8B2703}"
EndProject
Global
	GlobalSection(SolutionConfigurationPlatforms) = preSolution
		Debug|Any CPU = Debug|Any CPU
		Release|Any CPU = Release|Any CPU
	EndGlobalSection
	GlobalSection(ProjectConfigurationPlatforms) = postSolution
		{10117308-E31C-4399-A917-B7D2EE8B2703}.Debug|Any CPU.ActiveCfg = Debug|Any CPU
		{10117308-E31C-4399-A917-B7D2EE8B2703}.Debug|Any CPU.Build.0 = Debug|Any CPU
		{10117308-E31C-4399-A917-B7D2EE8B2703}.Release|Any CPU.ActiveCfg = Release|Any CPU
		{10117308-E31C-4399-A917-B7D2EE8B2703}.Release|Any CPU.Build.0 = Release|Any CPU
	EndGlobalSection
	GlobalSection(SolutionProperties) = preSolution
		HideSolutionNode = FALSE
	EndGlobalSection
EndGlobal
